
Microsoft Visual Studio Solution File, Format Version 12.00
# Visual Studio 15
VisualStudioVersion = 15.0.28307.168
MinimumVisualStudioVersion = 10.0.40219.1
Project("{9A19103F-16F7-4668-BE54-9A1E7A4F7556}") = "NabPeople.Dal", "NabPeople.Dal\NabPeople.Dal.csproj", "{552927F5-DB6E-460B-8367-BFF59C536AC1}"
EndProject
Project("{9A19103F-16F7-4668-BE54-9A1E7A4F7556}") = "NabPeople.Reader", "NabPeople.Reader\NabPeople.Reader.csproj", "{425060AC-14DD-4FCC-8388-CBBCA7F96CB3}"
EndProject
Project("{9A19103F-16F7-4668-BE54-9A1E7A4F7556}") = "NabPeople.Reader.Tests", "NabPeople.Reader.Test\NabPeople.Reader.Tests.csproj", "{E6343613-DC27-4D4D-A726-C5B0BE604653}"
EndProject
Project("{2150E333-8FDC-42A3-9474-1A3956D46DE8}") = "Notes", "Notes", "{9CC59476-BD82-449C-BBD0-D74CB6615512}"
	ProjectSection(SolutionItems) = preProject
		Notes.txt = Notes.txt
		Requirement.txt = Requirement.txt
	EndProjectSection
EndProject
Project("{9A19103F-16F7-4668-BE54-9A1E7A4F7556}") = "NabPeople.ConsoleApp", "NabPeople.ConsoleApp\NabPeople.ConsoleApp.csproj", "{B574E777-7426-491D-AE12-516A78C3C6D4}"
EndProject
Global
	GlobalSection(SolutionConfigurationPlatforms) = preSolution
		Debug|Any CPU = Debug|Any CPU
		Release|Any CPU = Release|Any CPU
	EndGlobalSection
	GlobalSection(ProjectConfigurationPlatforms) = postSolution
		{552927F5-DB6E-460B-8367-BFF59C536AC1}.Debug|Any CPU.ActiveCfg = Debug|Any CPU
		{552927F5-DB6E-460B-8367-BFF59C536AC1}.Debug|Any CPU.Build.0 = Debug|Any CPU
		{552927F5-DB6E-460B-8367-BFF59C536AC1}.Release|Any CPU.ActiveCfg = Release|Any CPU
		{552927F5-DB6E-460B-8367-BFF59C536AC1}.Release|Any CPU.Build.0 = Release|Any CPU
		{425060AC-14DD-4FCC-8388-CBBCA7F96CB3}.Debug|Any CPU.ActiveCfg = Debug|Any CPU
		{425060AC-14DD-4FCC-8388-CBBCA7F96CB3}.Debug|Any CPU.Build.0 = Debug|Any CPU
		{425060AC-14DD-4FCC-8388-CBBCA7F96CB3}.Release|Any CPU.ActiveCfg = Release|Any CPU
		{425060AC-14DD-4FCC-8388-CBBCA7F96CB3}.Release|Any CPU.Build.0 = Release|Any CPU
		{E6343613-DC27-4D4D-A726-C5B0BE604653}.Debug|Any CPU.ActiveCfg = Debug|Any CPU
		{E6343613-DC27-4D4D-A726-C5B0BE604653}.Debug|Any CPU.Build.0 = Debug|Any CPU
		{E6343613-DC27-4D4D-A726-C5B0BE604653}.Release|Any CPU.ActiveCfg = Release|Any CPU
		{E6343613-DC27-4D4D-A726-C5B0BE604653}.Release|Any CPU.Build.0 = Release|Any CPU
		{B574E777-7426-491D-AE12-516A78C3C6D4}.Debug|Any CPU.ActiveCfg = Debug|Any CPU
		{B574E777-7426-491D-AE12-516A78C3C6D4}.Debug|Any CPU.Build.0 = Debug|Any CPU
		{B574E777-7426-491D-AE12-516A78C3C6D4}.Release|Any CPU.ActiveCfg = Release|Any CPU
		{B574E777-7426-491D-AE12-516A78C3C6D4}.Release|Any CPU.Build.0 = Release|Any CPU
	EndGlobalSection
	GlobalSection(SolutionProperties) = preSolution
		HideSolutionNode = FALSE
	EndGlobalSection
	GlobalSection(ExtensibilityGlobals) = postSolution
		SolutionGuid = {AA0444BF-19B6-4738-862D-924D3B382D04}
	EndGlobalSection
EndGlobal
